// !$*UTF8*$!
{
	archiveVersion = 1;
	classes = {
	};
	objectVersion = 46;
	objects = {

/* Begin PBXBuildFile section */
		E78DCE701E7EF223005E0B93 /* AppDelegate.swift in Sources */ = {isa = PBXBuildFile; fileRef = E78DCE6F1E7EF223005E0B93 /* AppDelegate.swift */; };
		E78DCE751E7EF223005E0B93 /* Main.storyboard in Resources */ = {isa = PBXBuildFile; fileRef = E78DCE731E7EF223005E0B93 /* Main.storyboard */; };
		E78DCE771E7EF223005E0B93 /* Assets.xcassets in Resources */ = {isa = PBXBuildFile; fileRef = E78DCE761E7EF223005E0B93 /* Assets.xcassets */; };
		E78DCE7A1E7EF223005E0B93 /* LaunchScreen.storyboard in Resources */ = {isa = PBXBuildFile; fileRef = E78DCE781E7EF223005E0B93 /* LaunchScreen.storyboard */; };
		E78DCE821E7EF2D9005E0B93 /* MessengerTableViewController.swift in Sources */ = {isa = PBXBuildFile; fileRef = E78DCE811E7EF2D9005E0B93 /* MessengerTableViewController.swift */; };
		E78DCE841E7EF384005E0B93 /* MyImageView.swift in Sources */ = {isa = PBXBuildFile; fileRef = E78DCE831E7EF384005E0B93 /* MyImageView.swift */; };
		E78DCE861E7EFFA2005E0B93 /* SendTableViewCell.swift in Sources */ = {isa = PBXBuildFile; fileRef = E78DCE851E7EFFA2005E0B93 /* SendTableViewCell.swift */; };
		E78DCE881E7EFFB5005E0B93 /* GetTableViewCell.swift in Sources */ = {isa = PBXBuildFile; fileRef = E78DCE871E7EFFB5005E0B93 /* GetTableViewCell.swift */; };
		E78DCE8A1E7F0A45005E0B93 /* MessagerViewController.swift in Sources */ = {isa = PBXBuildFile; fileRef = E78DCE891E7F0A45005E0B93 /* MessagerViewController.swift */; };
/* End PBXBuildFile section */

/* Begin PBXFileReference section */
		E78DCE6C1E7EF223005E0B93 /* Messager.app */ = {isa = PBXFileReference; explicitFileType = wrapper.application; includeInIndex = 0; path = Messager.app; sourceTree = BUILT_PRODUCTS_DIR; };
		E78DCE6F1E7EF223005E0B93 /* AppDelegate.swift */ = {isa = PBXFileReference; lastKnownFileType = sourcecode.swift; path = AppDelegate.swift; sourceTree = "<group>"; };
		E78DCE741E7EF223005E0B93 /* Base */ = {isa = PBXFileReference; lastKnownFileType = file.storyboard; name = Base; path = Base.lproj/Main.storyboard; sourceTree = "<group>"; };
		E78DCE761E7EF223005E0B93 /* Assets.xcassets */ = {isa = PBXFileReference; lastKnownFileType = folder.assetcatalog; path = Assets.xcassets; sourceTree = "<group>"; };
		E78DCE791E7EF223005E0B93 /* Base */ = {isa = PBXFileReference; lastKnownFileType = file.storyboard; name = Base; path = Base.lproj/LaunchScreen.storyboard; sourceTree = "<group>"; };
		E78DCE7B1E7EF223005E0B93 /* Info.plist */ = {isa = PBXFileReference; lastKnownFileType = text.plist.xml; path = Info.plist; sourceTree = "<group>"; };
		E78DCE811E7EF2D9005E0B93 /* MessengerTableViewController.swift */ = {isa = PBXFileReference; fileEncoding = 4; lastKnownFileType = sourcecode.swift; path = MessengerTableViewController.swift; sourceTree = "<group>"; };
		E78DCE831E7EF384005E0B93 /* MyImageView.swift */ = {isa = PBXFileReference; fileEncoding = 4; lastKnownFileType = sourcecode.swift; path = MyImageView.swift; sourceTree = "<group>"; };
		E78DCE851E7EFFA2005E0B93 /* SendTableViewCell.swift */ = {isa = PBXFileReference; fileEncoding = 4; lastKnownFileType = sourcecode.swift; path = SendTableViewCell.swift; sourceTree = "<group>"; };
		E78DCE871E7EFFB5005E0B93 /* GetTableViewCell.swift */ = {isa = PBXFileReference; fileEncoding = 4; lastKnownFileType = sourcecode.swift; path = GetTableViewCell.swift; sourceTree = "<group>"; };
		E78DCE891E7F0A45005E0B93 /* MessagerViewController.swift */ = {isa = PBXFileReference; fileEncoding = 4; lastKnownFileType = sourcecode.swift; path = MessagerViewController.swift; sourceTree = "<group>"; };
/* End PBXFileReference section */

/* Begin PBXFrameworksBuildPhase section */
		E78DCE691E7EF223005E0B93 /* Frameworks */ = {
			isa = PBXFrameworksBuildPhase;
			buildActionMask = 2147483647;
			files = (
			);
			runOnlyForDeploymentPostprocessing = 0;
		};
/* End PBXFrameworksBuildPhase section */

/* Begin PBXGroup section */
		E78DCE631E7EF223005E0B93 = {
			isa = PBXGroup;
			children = (
				E78DCE6E1E7EF223005E0B93 /* Messager */,
				E78DCE6D1E7EF223005E0B93 /* Products */,
			);
			sourceTree = "<group>";
		};
		E78DCE6D1E7EF223005E0B93 /* Products */ = {
			isa = PBXGroup;
			children = (
				E78DCE6C1E7EF223005E0B93 /* Messager.app */,
			);
			name = Products;
			sourceTree = "<group>";
		};
		E78DCE6E1E7EF223005E0B93 /* Messager */ = {
			isa = PBXGroup;
			children = (
				E78DCE6F1E7EF223005E0B93 /* AppDelegate.swift */,
				E78DCE731E7EF223005E0B93 /* Main.storyboard */,
				E78DCE891E7F0A45005E0B93 /* MessagerViewController.swift */,
				E78DCE851E7EFFA2005E0B93 /* SendTableViewCell.swift */,
				E78DCE871E7EFFB5005E0B93 /* GetTableViewCell.swift */,
				E78DCE831E7EF384005E0B93 /* MyImageView.swift */,
				E78DCE811E7EF2D9005E0B93 /* MessengerTableViewController.swift */,
				E78DCE761E7EF223005E0B93 /* Assets.xcassets */,
				E78DCE781E7EF223005E0B93 /* LaunchScreen.storyboard */,
				E78DCE7B1E7EF223005E0B93 /* Info.plist */,
			);
			path = Messager;
			sourceTree = "<group>";
		};
/* End PBXGroup section */

/* Begin PBXNativeTarget section */
		E78DCE6B1E7EF223005E0B93 /* Messager */ = {
			isa = PBXNativeTarget;
			buildConfigurationList = E78DCE7E1E7EF223005E0B93 /* Build configuration list for PBXNativeTarget "Messager" */;
			buildPhases = (
				E78DCE681E7EF223005E0B93 /* Sources */,
				E78DCE691E7EF223005E0B93 /* Frameworks */,
				E78DCE6A1E7EF223005E0B93 /* Resources */,
			);
			buildRules = (
			);
			dependencies = (
			);
			name = Messager;
			productName = Messager;
			productReference = E78DCE6C1E7EF223005E0B93 /* Messager.app */;
			productType = "com.apple.product-type.application";
		};
/* End PBXNativeTarget section */

/* Begin PBXProject section */
		E78DCE641E7EF223005E0B93 /* Project object */ = {
			isa = PBXProject;
			attributes = {
				LastSwiftUpdateCheck = 0820;
				LastUpgradeCheck = 0820;
				ORGANIZATIONNAME = "Vladimir Nevinniy";
				TargetAttributes = {
					E78DCE6B1E7EF223005E0B93 = {
						CreatedOnToolsVersion = 8.2.1;
						DevelopmentTeam = ML92WQMC99;
						ProvisioningStyle = Automatic;
					};
				};
			};
			buildConfigurationList = E78DCE671E7EF223005E0B93 /* Build configuration list for PBXProject "Messager" */;
			compatibilityVersion = "Xcode 3.2";
			developmentRegion = English;
			hasScannedForEncodings = 0;
			knownRegions = (
				en,
				Base,
			);
			mainGroup = E78DCE631E7EF223005E0B93;
			productRefGroup = E78DCE6D1E7EF223005E0B93 /* Products */;
			projectDirPath = "";
			projectRoot = "";
			targets = (
				E78DCE6B1E7EF223005E0B93 /* Messager */,
			);
		};
/* End PBXProject section */

/* Begin PBXResourcesBuildPhase section */
		E78DCE6A1E7EF223005E0B93 /* Resources */ = {
			isa = PBXResourcesBuildPhase;
			buildActionMask = 2147483647;
			files = (
				E78DCE7A1E7EF223005E0B93 /* LaunchScreen.storyboard in Resources */,
				E78DCE771E7EF223005E0B93 /* Assets.xcassets in Resources */,
				E78DCE751E7EF223005E0B93 /* Main.storyboard in Resources */,
			);
			runOnlyForDeploymentPostprocessing = 0;
		};
/* End PBXResourcesBuildPhase section */

/* Begin PBXSourcesBuildPhase section */
		E78DCE681E7EF223005E0B93 /* Sources */ = {
			isa = PBXSourcesBuildPhase;
			buildActionMask = 2147483647;
			files = (
				E78DCE701E7EF223005E0B93 /* AppDelegate.swift in Sources */,
				E78DCE8A1E7F0A45005E0B93 /* MessagerViewController.swift in Sources */,
				E78DCE821E7EF2D9005E0B93 /* MessengerTableViewController.swift in Sources */,
				E78DCE841E7EF384005E0B93 /* MyImageView.swift in Sources */,
				E78DCE881E7EFFB5005E0B93 /* GetTableViewCell.swift in Sources */,
				E78DCE861E7EFFA2005E0B93 /* SendTableViewCell.swift in Sources */,
			);
			runOnlyForDeploymentPostprocessing = 0;
		};
/* End PBXSourcesBuildPhase section */

/* Begin PBXVariantGroup section */
		E78DCE731E7EF223005E0B93 /* Main.storyboard */ = {
			isa = PBXVariantGroup;
			children = (
				E78DCE741E7EF223005E0B93 /* Base */,
			);
			name = Main.storyboard;
			sourceTree = "<group>";
		};
		E78DCE781E7EF223005E0B93 /* LaunchScreen.storyboard */ = {
			isa = PBXVariantGroup;
			children = (
				E78DCE791E7EF223005E0B93 /* Base */,
			);
			name = LaunchScreen.storyboard;
			sourceTree = "<group>";
		};
/* End PBXVariantGroup section */

/* Begin XCBuildConfiguration section */
		E78DCE7C1E7EF223005E0B93 /* Debug */ = {
			isa = XCBuildConfiguration;
			buildSettings = {
				ALWAYS_SEARCH_USER_PATHS = NO;
				CLANG_ANALYZER_NONNULL = YES;
				CLANG_CXX_LANGUAGE_STANDARD = "gnu++0x";
				CLANG_CXX_LIBRARY = "libc++";
				CLANG_ENABLE_MODULES = YES;
				CLANG_ENABLE_OBJC_ARC = YES;
				CLANG_WARN_BOOL_CONVERSION = YES;
				CLANG_WARN_CONSTANT_CONVERSION = YES;
				CLANG_WARN_DIRECT_OBJC_ISA_USAGE = YES_ERROR;
				CLANG_WARN_DOCUMENTATION_COMMENTS = YES;
				CLANG_WARN_EMPTY_BODY = YES;
				CLANG_WARN_ENUM_CONVERSION = YES;
				CLANG_WARN_INFINITE_RECURSION = YES;
				CLANG_WARN_INT_CONVERSION = YES;
				CLANG_WARN_OBJC_ROOT_CLASS = YES_ERROR;
				CLANG_WARN_SUSPICIOUS_MOVE = YES;
				CLANG_WARN_UNREACHABLE_CODE = YES;
				CLANG_WARN__DUPLICATE_METHOD_MATCH = YES;
				"CODE_SIGN_IDENTITY[sdk=iphoneos*]" = "iPhone Developer";
				COPY_PHASE_STRIP = NO;
				DEBUG_INFORMATION_FORMAT = dwarf;
				ENABLE_STRICT_OBJC_MSGSEND = YES;
				ENABLE_TESTABILITY = YES;
				GCC_C_LANGUAGE_STANDARD = gnu99;
				GCC_DYNAMIC_NO_PIC = NO;
				GCC_NO_COMMON_BLOCKS = YES;
				GCC_OPTIMIZATION_LEVEL = 0;
				GCC_PREPROCESSOR_DEFINITIONS = (
					"DEBUG=1",
					"$(inherited)",
				);
				GCC_WARN_64_TO_32_BIT_CONVERSION = YES;
				GCC_WARN_ABOUT_RETURN_TYPE = YES_ERROR;
				GCC_WARN_UNDECLARED_SELECTOR = YES;
				GCC_WARN_UNINITIALIZED_AUTOS = YES_AGGRESSIVE;
				GCC_WARN_UNUSED_FUNCTION = YES;
				GCC_WARN_UNUSED_VARIABLE = YES;
				IPHONEOS_DEPLOYMENT_TARGET = 10.2;
				MTL_ENABLE_DEBUG_INFO = YES;
				ONLY_ACTIVE_ARCH = YES;
				SDKROOT = iphoneos;
				SWIFT_ACTIVE_COMPILATION_CONDITIONS = DEBUG;
				SWIFT_OPTIMIZATION_LEVEL = "-Onone";
				TARGETED_DEVICE_FAMILY = "1,2";
			};
			name = Debug;
		};
		E78DCE7D1E7EF223005E0B93 /* Release */ = {
			isa = XCBuildConfiguration;
			buildSettings = {
				ALWAYS_SEARCH_USER_PATHS = NO;
				CLANG_ANALYZER_NONNULL = YES;
				CLANG_CXX_LANGUAGE_STANDARD = "gnu++0x";
				CLANG_CXX_LIBRARY = "libc++";
				CLANG_ENABLE_MODULES = YES;
				CLANG_ENABLE_OBJC_ARC = YES;
				CLANG_WARN_BOOL_CONVERSION = YES;
				CLANG_WARN_CONSTANT_CONVERSION = YES;
				CLANG_WARN_DIRECT_OBJC_ISA_USAGE = YES_ERROR;
				CLANG_WARN_DOCUMENTATION_COMMENTS = YES;
				CLANG_WARN_EMPTY_BODY = YES;
				CLANG_WARN_ENUM_CONVERSION = YES;
				CLANG_WARN_INFINITE_RECURSION = YES;
				CLANG_WARN_INT_CONVERSION = YES;
				CLANG_WARN_OBJC_ROOT_CLASS = YES_ERROR;
				CLANG_WARN_SUSPICIOUS_MOVE = YES;
				CLANG_WARN_UNREACHABLE_CODE = YES;
				CLANG_WARN__DUPLICATE_METHOD_MATCH = YES;
				"CODE_SIGN_IDENTITY[sdk=iphoneos*]" = "iPhone Developer";
				COPY_PHASE_STRIP = NO;
				DEBUG_INFORMATION_FORMAT = "dwarf-with-dsym";
				ENABLE_NS_ASSERTIONS = NO;
				ENABLE_STRICT_OBJC_MSGSEND = YES;
				GCC_C_LANGUAGE_STANDARD = gnu99;
				GCC_NO_COMMON_BLOCKS = YES;
				GCC_WARN_64_TO_32_BIT_CONVERSION = YES;
				GCC_WARN_ABOUT_RETURN_TYPE = YES_ERROR;
				GCC_WARN_UNDECLARED_SELECTOR = YES;
				GCC_WARN_UNINITIALIZED_AUTOS = YES_AGGRESSIVE;
				GCC_WARN_UNUSED_FUNCTION = YES;
				GCC_WARN_UNUSED_VARIABLE = YES;
				IPHONEOS_DEPLOYMENT_TARGET = 10.2;
				MTL_ENABLE_DEBUG_INFO = NO;
				SDKROOT = iphoneos;
				SWIFT_OPTIMIZATION_LEVEL = "-Owholemodule";
				TARGETED_DEVICE_FAMILY = "1,2";
				VALIDATE_PRODUCT = YES;
			};
			name = Release;
		};
		E78DCE7F1E7EF223005E0B93 /* Debug */ = {
			isa = XCBuildConfiguration;
			buildSettings = {
				ASSETCATALOG_COMPILER_APPICON_NAME = AppIcon;
				DEVELOPMENT_TEAM = ML92WQMC99;
				INFOPLIST_FILE = Messager/Info.plist;
				LD_RUNPATH_SEARCH_PATHS = "$(inherited) @executable_path/Frameworks";
				PRODUCT_BUNDLE_IDENTIFIER = nvovap.Messager;
				PRODUCT_NAME = "$(TARGET_NAME)";
				SWIFT_VERSION = 3.0;
			};
			name = Debug;
		};
		E78DCE801E7EF223005E0B93 /* Release */ = {
			isa = XCBuildConfiguration;
			buildSettings = {
				ASSETCATALOG_COMPILER_APPICON_NAME = AppIcon;
				DEVELOPMENT_TEAM = ML92WQMC99;
				INFOPLIST_FILE = Messager/Info.plist;
				LD_RUNPATH_SEARCH_PATHS = "$(inherited) @executable_path/Frameworks";
				PRODUCT_BUNDLE_IDENTIFIER = nvovap.Messager;
				PRODUCT_NAME = "$(TARGET_NAME)";
				SWIFT_VERSION = 3.0;
			};
			name = Release;
		};
/* End XCBuildConfiguration section */

/* Begin XCConfigurationList section */
		E78DCE671E7EF223005E0B93 /* Build configuration list for PBXProject "Messager" */ = {
			isa = XCConfigurationList;
			buildConfigurations = (
				E78DCE7C1E7EF223005E0B93 /* Debug */,
				E78DCE7D1E7EF223005E0B93 /* Release */,
			);
			defaultConfigurationIsVisible = 0;
			defaultConfigurationName = Release;
		};
		E78DCE7E1E7EF223005E0B93 /* Build configuration list for PBXNativeTarget "Messager" */ = {
			isa = XCConfigurationList;
			buildConfigurations = (
				E78DCE7F1E7EF223005E0B93 /* Debug */,
				E78DCE801E7EF223005E0B93 /* Release */,
			);
			defaultConfigurationIsVisible = 0;
		};
/* End XCConfigurationList section */
	};
	rootObject = E78DCE641E7EF223005E0B93 /* Project object */;
}
